
Microsoft Visual Studio Solution File, Format Version 12.00
# Visual Studio 15
VisualStudioVersion = 15.0.28307.489
MinimumVisualStudioVersion = 10.0.40219.1
Project("{FAE04EC0-301F-11D3-BF4B-00C04F79EFBC}") = "Melon.Crawler", "Melon.Crawler\Melon.Crawler.csproj", "{37383ACA-E015-4FFB-9C2C-87BE890A7BD2}"
EndProject
Project("{FAE04EC0-301F-11D3-BF4B-00C04F79EFBC}") = "Melon.Crawler.Tests", "Melon.Crawler.Tests\Melon.Crawler.Tests.csproj", "{0FF39964-4704-4D76-93DA-8F011E21CDE6}"
EndProject
Global
	GlobalSection(SolutionConfigurationPlatforms) = preSolution
		Debug|Any CPU = Debug|Any CPU
		Release|Any CPU = Release|Any CPU
	EndGlobalSection
	GlobalSection(ProjectConfigurationPlatforms) = postSolution
		{37383ACA-E015-4FFB-9C2C-87BE890A7BD2}.Debug|Any CPU.ActiveCfg = Debug|Any CPU
		{37383ACA-E015-4FFB-9C2C-87BE890A7BD2}.Debug|Any CPU.Build.0 = Debug|Any CPU
		{37383ACA-E015-4FFB-9C2C-87BE890A7BD2}.Release|Any CPU.ActiveCfg = Release|Any CPU
		{37383ACA-E015-4FFB-9C2C-87BE890A7BD2}.Release|Any CPU.Build.0 = Release|Any CPU
		{0FF39964-4704-4D76-93DA-8F011E21CDE6}.Debug|Any CPU.ActiveCfg = Debug|Any CPU
		{0FF39964-4704-4D76-93DA-8F011E21CDE6}.Debug|Any CPU.Build.0 = Debug|Any CPU
		{0FF39964-4704-4D76-93DA-8F011E21CDE6}.Release|Any CPU.ActiveCfg = Release|Any CPU
		{0FF39964-4704-4D76-93DA-8F011E21CDE6}.Release|Any CPU.Build.0 = Release|Any CPU
	EndGlobalSection
	GlobalSection(SolutionProperties) = preSolution
		HideSolutionNode = FALSE
	EndGlobalSection
	GlobalSection(ExtensibilityGlobals) = postSolution
		SolutionGuid = {0F1B86BA-909D-42B4-9A4D-D35DA338FC1D}
	EndGlobalSection
EndGlobal
